
Microsoft Visual Studio Solution File, Format Version 12.00
# Visual Studio Version 17
VisualStudioVersion = 17.9.34701.34
MinimumVisualStudioVersion = 10.0.40219.1
Project("{FAE04EC0-301F-11D3-BF4B-00C04F79EFBC}") = "MarketSystem", "MarketSystem\MarketSystem.csproj", "{64442CB0-7BC2-4086-8184-87D76FA5AA95}"
EndProject
Global
	GlobalSection(SolutionConfigurationPlatforms) = preSolution
		Debug|Any CPU = Debug|Any CPU
		Release|Any CPU = Release|Any CPU
	EndGlobalSection
	GlobalSection(ProjectConfigurationPlatforms) = postSolution
		{64442CB0-7BC2-4086-8184-87D76FA5AA95}.Debug|Any CPU.ActiveCfg = Debug|Any CPU
		{64442CB0-7BC2-4086-8184-87D76FA5AA95}.Debug|Any CPU.Build.0 = Debug|Any CPU
		{64442CB0-7BC2-4086-8184-87D76FA5AA95}.Debug|Any CPU.Deploy.0 = Debug|Any CPU
		{64442CB0-7BC2-4086-8184-87D76FA5AA95}.Release|Any CPU.ActiveCfg = Release|Any CPU
		{64442CB0-7BC2-4086-8184-87D76FA5AA95}.Release|Any CPU.Build.0 = Release|Any CPU
		{64442CB0-7BC2-4086-8184-87D76FA5AA95}.Release|Any CPU.Deploy.0 = Release|Any CPU
	EndGlobalSection
	GlobalSection(SolutionProperties) = preSolution
		HideSolutionNode = FALSE
	EndGlobalSection
	GlobalSection(ExtensibilityGlobals) = postSolution
		SolutionGuid = {69F0E54C-AF71-4937-BACC-D3FA2623F893}
	EndGlobalSection
EndGlobal
